
Microsoft Visual Studio Solution File, Format Version 12.00
# Visual Studio Version 17
VisualStudioVersion = 17.6.33815.320
MinimumVisualStudioVersion = 10.0.40219.1
Project("{FAE04EC0-301F-11D3-BF4B-00C04F79EFBC}") = "PumpkinIO", "PumpkinIO.csproj", "{4FD67D3D-58D9-42D7-8306-B8735623A574}"
EndProject
Global
	GlobalSection(SolutionConfigurationPlatforms) = preSolution
		Debug|Any CPU = Debug|Any CPU
		Release|Any CPU = Release|Any CPU
	EndGlobalSection
	GlobalSection(ProjectConfigurationPlatforms) = postSolution
		{4FD67D3D-58D9-42D7-8306-B8735623A574}.Debug|Any CPU.ActiveCfg = Debug|Any CPU
		{4FD67D3D-58D9-42D7-8306-B8735623A574}.Debug|Any CPU.Build.0 = Debug|Any CPU
		{4FD67D3D-58D9-42D7-8306-B8735623A574}.Release|Any CPU.ActiveCfg = Release|Any CPU
		{4FD67D3D-58D9-42D7-8306-B8735623A574}.Release|Any CPU.Build.0 = Release|Any CPU
	EndGlobalSection
	GlobalSection(SolutionProperties) = preSolution
		HideSolutionNode = FALSE
	EndGlobalSection
	GlobalSection(ExtensibilityGlobals) = postSolution
		SolutionGuid = {E2F07125-A7BC-4AF6-A7F2-BFD216C23F56}
	EndGlobalSection
EndGlobal
